// !$*UTF8*$!
{
	archiveVersion = 1;
	classes = {
	};
	objectVersion = 46;
	objects = {

/* Begin PBXBuildFile section */
		127926003A1192002DB6D48D /* Pods_ReSwiftTest.framework in Frameworks */ = {isa = PBXBuildFile; fileRef = 9A20B9769284FF97FF348A24 /* Pods_ReSwiftTest.framework */; };
		6C14A4D7A63D6A977C306ECB /* Pods_ReSwiftTestTests.framework in Frameworks */ = {isa = PBXBuildFile; fileRef = 31E6991CA2645664E9B3E756 /* Pods_ReSwiftTestTests.framework */; };
		845424E81E26D8EC006DF9DD /* SecondViewController.swift in Sources */ = {isa = PBXBuildFile; fileRef = 845424E71E26D8EC006DF9DD /* SecondViewController.swift */; };
		847D60C01E25802900361735 /* AppDelegate.swift in Sources */ = {isa = PBXBuildFile; fileRef = 847D60BF1E25802900361735 /* AppDelegate.swift */; };
		847D60C21E25802900361735 /* ViewController.swift in Sources */ = {isa = PBXBuildFile; fileRef = 847D60C11E25802900361735 /* ViewController.swift */; };
		847D60C51E25802900361735 /* Main.storyboard in Resources */ = {isa = PBXBuildFile; fileRef = 847D60C31E25802900361735 /* Main.storyboard */; };
		847D60C81E25802900361735 /* ReSwiftTest.xcdatamodeld in Sources */ = {isa = PBXBuildFile; fileRef = 847D60C61E25802900361735 /* ReSwiftTest.xcdatamodeld */; };
		847D60CA1E25802900361735 /* Assets.xcassets in Resources */ = {isa = PBXBuildFile; fileRef = 847D60C91E25802900361735 /* Assets.xcassets */; };
		847D60CD1E25802900361735 /* LaunchScreen.storyboard in Resources */ = {isa = PBXBuildFile; fileRef = 847D60CB1E25802900361735 /* LaunchScreen.storyboard */; };
		847D60D81E25802900361735 /* ReSwiftTestTests.swift in Sources */ = {isa = PBXBuildFile; fileRef = 847D60D71E25802900361735 /* ReSwiftTestTests.swift */; };
		847D60E31E25802A00361735 /* ReSwiftTestUITests.swift in Sources */ = {isa = PBXBuildFile; fileRef = 847D60E21E25802A00361735 /* ReSwiftTestUITests.swift */; };
		847D60F61E25867700361735 /* CounterReducer.swift in Sources */ = {isa = PBXBuildFile; fileRef = 847D60F51E25867700361735 /* CounterReducer.swift */; };
		847D60F81E2587B300361735 /* State.swift in Sources */ = {isa = PBXBuildFile; fileRef = 847D60F71E2587B300361735 /* State.swift */; };
		847D60FA1E2588FE00361735 /* CounterActions.swift in Sources */ = {isa = PBXBuildFile; fileRef = 847D60F91E2588FE00361735 /* CounterActions.swift */; };
		A359A590A7B34627D7F3B743 /* Pods_ReSwiftTestUITests.framework in Frameworks */ = {isa = PBXBuildFile; fileRef = C855878564AF280D75A0DB60 /* Pods_ReSwiftTestUITests.framework */; };
/* End PBXBuildFile section */

/* Begin PBXContainerItemProxy section */
		847D60D41E25802900361735 /* PBXContainerItemProxy */ = {
			isa = PBXContainerItemProxy;
			containerPortal = 847D60B41E25802900361735 /* Project object */;
			proxyType = 1;
			remoteGlobalIDString = 847D60BB1E25802900361735;
			remoteInfo = ReSwiftTest;
		};
		847D60DF1E25802A00361735 /* PBXContainerItemProxy */ = {
			isa = PBXContainerItemProxy;
			containerPortal = 847D60B41E25802900361735 /* Project object */;
			proxyType = 1;
			remoteGlobalIDString = 847D60BB1E25802900361735;
			remoteInfo = ReSwiftTest;
		};
/* End PBXContainerItemProxy section */

/* Begin PBXFileReference section */
		2F6C479D0C0DAE01A09CC9C3 /* Pods-ReSwiftTest.release.xcconfig */ = {isa = PBXFileReference; includeInIndex = 1; lastKnownFileType = text.xcconfig; name = "Pods-ReSwiftTest.release.xcconfig"; path = "Pods/Target Support Files/Pods-ReSwiftTest/Pods-ReSwiftTest.release.xcconfig"; sourceTree = "<group>"; };
		31E6991CA2645664E9B3E756 /* Pods_ReSwiftTestTests.framework */ = {isa = PBXFileReference; explicitFileType = wrapper.framework; includeInIndex = 0; path = Pods_ReSwiftTestTests.framework; sourceTree = BUILT_PRODUCTS_DIR; };
		845424E71E26D8EC006DF9DD /* SecondViewController.swift */ = {isa = PBXFileReference; fileEncoding = 4; lastKnownFileType = sourcecode.swift; path = SecondViewController.swift; sourceTree = "<group>"; };
		847D60BC1E25802900361735 /* ReSwiftTest.app */ = {isa = PBXFileReference; explicitFileType = wrapper.application; includeInIndex = 0; path = ReSwiftTest.app; sourceTree = BUILT_PRODUCTS_DIR; };
		847D60BF1E25802900361735 /* AppDelegate.swift */ = {isa = PBXFileReference; lastKnownFileType = sourcecode.swift; path = AppDelegate.swift; sourceTree = "<group>"; };
		847D60C11E25802900361735 /* ViewController.swift */ = {isa = PBXFileReference; lastKnownFileType = sourcecode.swift; path = ViewController.swift; sourceTree = "<group>"; };
		847D60C41E25802900361735 /* Base */ = {isa = PBXFileReference; lastKnownFileType = file.storyboard; name = Base; path = Base.lproj/Main.storyboard; sourceTree = "<group>"; };
		847D60C71E25802900361735 /* ReSwiftTest.xcdatamodel */ = {isa = PBXFileReference; lastKnownFileType = wrapper.xcdatamodel; path = ReSwiftTest.xcdatamodel; sourceTree = "<group>"; };
		847D60C91E25802900361735 /* Assets.xcassets */ = {isa = PBXFileReference; lastKnownFileType = folder.assetcatalog; path = Assets.xcassets; sourceTree = "<group>"; };
		847D60CC1E25802900361735 /* Base */ = {isa = PBXFileReference; lastKnownFileType = file.storyboard; name = Base; path = Base.lproj/LaunchScreen.storyboard; sourceTree = "<group>"; };
		847D60CE1E25802900361735 /* Info.plist */ = {isa = PBXFileReference; lastKnownFileType = text.plist.xml; path = Info.plist; sourceTree = "<group>"; };
		847D60D31E25802900361735 /* ReSwiftTestTests.xctest */ = {isa = PBXFileReference; explicitFileType = wrapper.cfbundle; includeInIndex = 0; path = ReSwiftTestTests.xctest; sourceTree = BUILT_PRODUCTS_DIR; };
		847D60D71E25802900361735 /* ReSwiftTestTests.swift */ = {isa = PBXFileReference; lastKnownFileType = sourcecode.swift; path = ReSwiftTestTests.swift; sourceTree = "<group>"; };
		847D60D91E25802A00361735 /* Info.plist */ = {isa = PBXFileReference; lastKnownFileType = text.plist.xml; path = Info.plist; sourceTree = "<group>"; };
		847D60DE1E25802A00361735 /* ReSwiftTestUITests.xctest */ = {isa = PBXFileReference; explicitFileType = wrapper.cfbundle; includeInIndex = 0; path = ReSwiftTestUITests.xctest; sourceTree = BUILT_PRODUCTS_DIR; };
		847D60E21E25802A00361735 /* ReSwiftTestUITests.swift */ = {isa = PBXFileReference; lastKnownFileType = sourcecode.swift; path = ReSwiftTestUITests.swift; sourceTree = "<group>"; };
		847D60E41E25802A00361735 /* Info.plist */ = {isa = PBXFileReference; lastKnownFileType = text.plist.xml; path = Info.plist; sourceTree = "<group>"; };
		847D60F51E25867700361735 /* CounterReducer.swift */ = {isa = PBXFileReference; fileEncoding = 4; lastKnownFileType = sourcecode.swift; path = CounterReducer.swift; sourceTree = "<group>"; };
		847D60F71E2587B300361735 /* State.swift */ = {isa = PBXFileReference; fileEncoding = 4; lastKnownFileType = sourcecode.swift; path = State.swift; sourceTree = "<group>"; };
		847D60F91E2588FE00361735 /* CounterActions.swift */ = {isa = PBXFileReference; fileEncoding = 4; lastKnownFileType = sourcecode.swift; path = CounterActions.swift; sourceTree = "<group>"; };
		868D578A0D9BF5348217E453 /* Pods-ReSwiftTest.debug.xcconfig */ = {isa = PBXFileReference; includeInIndex = 1; lastKnownFileType = text.xcconfig; name = "Pods-ReSwiftTest.debug.xcconfig"; path = "Pods/Target Support Files/Pods-ReSwiftTest/Pods-ReSwiftTest.debug.xcconfig"; sourceTree = "<group>"; };
		901C5D03033E0771BD1AF89A /* Pods-ReSwiftTestUITests.release.xcconfig */ = {isa = PBXFileReference; includeInIndex = 1; lastKnownFileType = text.xcconfig; name = "Pods-ReSwiftTestUITests.release.xcconfig"; path = "Pods/Target Support Files/Pods-ReSwiftTestUITests/Pods-ReSwiftTestUITests.release.xcconfig"; sourceTree = "<group>"; };
		9A20B9769284FF97FF348A24 /* Pods_ReSwiftTest.framework */ = {isa = PBXFileReference; explicitFileType = wrapper.framework; includeInIndex = 0; path = Pods_ReSwiftTest.framework; sourceTree = BUILT_PRODUCTS_DIR; };
		C855878564AF280D75A0DB60 /* Pods_ReSwiftTestUITests.framework */ = {isa = PBXFileReference; explicitFileType = wrapper.framework; includeInIndex = 0; path = Pods_ReSwiftTestUITests.framework; sourceTree = BUILT_PRODUCTS_DIR; };
		DBDD979F176714D2C52BED86 /* Pods-ReSwiftTestTests.release.xcconfig */ = {isa = PBXFileReference; includeInIndex = 1; lastKnownFileType = text.xcconfig; name = "Pods-ReSwiftTestTests.release.xcconfig"; path = "Pods/Target Support Files/Pods-ReSwiftTestTests/Pods-ReSwiftTestTests.release.xcconfig"; sourceTree = "<group>"; };
		DFC293A0BBDDA11B71EC988E /* Pods-ReSwiftTestUITests.debug.xcconfig */ = {isa = PBXFileReference; includeInIndex = 1; lastKnownFileType = text.xcconfig; name = "Pods-ReSwiftTestUITests.debug.xcconfig"; path = "Pods/Target Support Files/Pods-ReSwiftTestUITests/Pods-ReSwiftTestUITests.debug.xcconfig"; sourceTree = "<group>"; };
		E85ACB869525F58D95FDC744 /* Pods-ReSwiftTestTests.debug.xcconfig */ = {isa = PBXFileReference; includeInIndex = 1; lastKnownFileType = text.xcconfig; name = "Pods-ReSwiftTestTests.debug.xcconfig"; path = "Pods/Target Support Files/Pods-ReSwiftTestTests/Pods-ReSwiftTestTests.debug.xcconfig"; sourceTree = "<group>"; };
/* End PBXFileReference section */

/* Begin PBXFrameworksBuildPhase section */
		847D60B91E25802900361735 /* Frameworks */ = {
			isa = PBXFrameworksBuildPhase;
			buildActionMask = 2147483647;
			files = (
				127926003A1192002DB6D48D /* Pods_ReSwiftTest.framework in Frameworks */,
			);
			runOnlyForDeploymentPostprocessing = 0;
		};
		847D60D01E25802900361735 /* Frameworks */ = {
			isa = PBXFrameworksBuildPhase;
			buildActionMask = 2147483647;
			files = (
				6C14A4D7A63D6A977C306ECB /* Pods_ReSwiftTestTests.framework in Frameworks */,
			);
			runOnlyForDeploymentPostprocessing = 0;
		};
		847D60DB1E25802A00361735 /* Frameworks */ = {
			isa = PBXFrameworksBuildPhase;
			buildActionMask = 2147483647;
			files = (
				A359A590A7B34627D7F3B743 /* Pods_ReSwiftTestUITests.framework in Frameworks */,
			);
			runOnlyForDeploymentPostprocessing = 0;
		};
/* End PBXFrameworksBuildPhase section */

/* Begin PBXGroup section */
		7380A833459BC1BA16D6B19A /* Frameworks */ = {
			isa = PBXGroup;
			children = (
				9A20B9769284FF97FF348A24 /* Pods_ReSwiftTest.framework */,
				31E6991CA2645664E9B3E756 /* Pods_ReSwiftTestTests.framework */,
				C855878564AF280D75A0DB60 /* Pods_ReSwiftTestUITests.framework */,
			);
			name = Frameworks;
			sourceTree = "<group>";
		};
		847D60B31E25802900361735 = {
			isa = PBXGroup;
			children = (
				847D60BE1E25802900361735 /* ReSwiftTest */,
				847D60D61E25802900361735 /* ReSwiftTestTests */,
				847D60E11E25802A00361735 /* ReSwiftTestUITests */,
				847D60BD1E25802900361735 /* Products */,
				E72E7EC50954C71365391113 /* Pods */,
				7380A833459BC1BA16D6B19A /* Frameworks */,
			);
			sourceTree = "<group>";
		};
		847D60BD1E25802900361735 /* Products */ = {
			isa = PBXGroup;
			children = (
				847D60BC1E25802900361735 /* ReSwiftTest.app */,
				847D60D31E25802900361735 /* ReSwiftTestTests.xctest */,
				847D60DE1E25802A00361735 /* ReSwiftTestUITests.xctest */,
			);
			name = Products;
			sourceTree = "<group>";
		};
		847D60BE1E25802900361735 /* ReSwiftTest */ = {
			isa = PBXGroup;
			children = (
				847D60BF1E25802900361735 /* AppDelegate.swift */,
				847D60F71E2587B300361735 /* State.swift */,
				847D60F01E25862500361735 /* Actions */,
				847D60F21E25863F00361735 /* Reducers */,
				847D60F11E25862F00361735 /* View Controllers */,
				847D60C31E25802900361735 /* Main.storyboard */,
				847D60C91E25802900361735 /* Assets.xcassets */,
				847D60CB1E25802900361735 /* LaunchScreen.storyboard */,
				847D60CE1E25802900361735 /* Info.plist */,
				847D60C61E25802900361735 /* ReSwiftTest.xcdatamodeld */,
			);
			path = ReSwiftTest;
			sourceTree = "<group>";
		};
		847D60D61E25802900361735 /* ReSwiftTestTests */ = {
			isa = PBXGroup;
			children = (
				847D60D71E25802900361735 /* ReSwiftTestTests.swift */,
				847D60D91E25802A00361735 /* Info.plist */,
			);
			path = ReSwiftTestTests;
			sourceTree = "<group>";
		};
		847D60E11E25802A00361735 /* ReSwiftTestUITests */ = {
			isa = PBXGroup;
			children = (
				847D60E21E25802A00361735 /* ReSwiftTestUITests.swift */,
				847D60E41E25802A00361735 /* Info.plist */,
			);
			path = ReSwiftTestUITests;
			sourceTree = "<group>";
		};
		847D60F01E25862500361735 /* Actions */ = {
			isa = PBXGroup;
			children = (
				847D60F91E2588FE00361735 /* CounterActions.swift */,
			);
			name = Actions;
			sourceTree = "<group>";
		};
		847D60F11E25862F00361735 /* View Controllers */ = {
			isa = PBXGroup;
			children = (
				847D60C11E25802900361735 /* ViewController.swift */,
				845424E71E26D8EC006DF9DD /* SecondViewController.swift */,
			);
			name = "View Controllers";
			sourceTree = "<group>";
		};
		847D60F21E25863F00361735 /* Reducers */ = {
			isa = PBXGroup;
			children = (
				847D60F51E25867700361735 /* CounterReducer.swift */,
			);
			name = Reducers;
			sourceTree = "<group>";
		};
		E72E7EC50954C71365391113 /* Pods */ = {
			isa = PBXGroup;
			children = (
				868D578A0D9BF5348217E453 /* Pods-ReSwiftTest.debug.xcconfig */,
				2F6C479D0C0DAE01A09CC9C3 /* Pods-ReSwiftTest.release.xcconfig */,
				E85ACB869525F58D95FDC744 /* Pods-ReSwiftTestTests.debug.xcconfig */,
				DBDD979F176714D2C52BED86 /* Pods-ReSwiftTestTests.release.xcconfig */,
				DFC293A0BBDDA11B71EC988E /* Pods-ReSwiftTestUITests.debug.xcconfig */,
				901C5D03033E0771BD1AF89A /* Pods-ReSwiftTestUITests.release.xcconfig */,
			);
			name = Pods;
			sourceTree = "<group>";
		};
/* End PBXGroup section */

/* Begin PBXNativeTarget section */
		847D60BB1E25802900361735 /* ReSwiftTest */ = {
			isa = PBXNativeTarget;
			buildConfigurationList = 847D60E71E25802A00361735 /* Build configuration list for PBXNativeTarget "ReSwiftTest" */;
			buildPhases = (
				5B7B8E398BE0A9FB0B6F049D /* [CP] Check Pods Manifest.lock */,
				847D60B81E25802900361735 /* Sources */,
				847D60B91E25802900361735 /* Frameworks */,
				847D60BA1E25802900361735 /* Resources */,
				52B3840778AC2A5BDEF88A44 /* [CP] Embed Pods Frameworks */,
				4EEC61173763AFD5ECAAAE19 /* [CP] Copy Pods Resources */,
			);
			buildRules = (
			);
			dependencies = (
			);
			name = ReSwiftTest;
			productName = ReSwiftTest;
			productReference = 847D60BC1E25802900361735 /* ReSwiftTest.app */;
			productType = "com.apple.product-type.application";
		};
		847D60D21E25802900361735 /* ReSwiftTestTests */ = {
			isa = PBXNativeTarget;
			buildConfigurationList = 847D60EA1E25802A00361735 /* Build configuration list for PBXNativeTarget "ReSwiftTestTests" */;
			buildPhases = (
				927B7B715BE5D54F22AB8E1B /* [CP] Check Pods Manifest.lock */,
				847D60CF1E25802900361735 /* Sources */,
				847D60D01E25802900361735 /* Frameworks */,
				847D60D11E25802900361735 /* Resources */,
				3A457BBABC634EBA2D19539E /* [CP] Embed Pods Frameworks */,
				AA19EE401B71BDB571003F57 /* [CP] Copy Pods Resources */,
			);
			buildRules = (
			);
			dependencies = (
				847D60D51E25802900361735 /* PBXTargetDependency */,
			);
			name = ReSwiftTestTests;
			productName = ReSwiftTestTests;
			productReference = 847D60D31E25802900361735 /* ReSwiftTestTests.xctest */;
			productType = "com.apple.product-type.bundle.unit-test";
		};
		847D60DD1E25802A00361735 /* ReSwiftTestUITests */ = {
			isa = PBXNativeTarget;
			buildConfigurationList = 847D60ED1E25802A00361735 /* Build configuration list for PBXNativeTarget "ReSwiftTestUITests" */;
			buildPhases = (
				A7E43F5E49642053A02905CE /* [CP] Check Pods Manifest.lock */,
				847D60DA1E25802A00361735 /* Sources */,
				847D60DB1E25802A00361735 /* Frameworks */,
				847D60DC1E25802A00361735 /* Resources */,
				B2F5D770EA867525FDD950A1 /* [CP] Embed Pods Frameworks */,
				C5C26093723E4DA7ECC20CB8 /* [CP] Copy Pods Resources */,
			);
			buildRules = (
			);
			dependencies = (
				847D60E01E25802A00361735 /* PBXTargetDependency */,
			);
			name = ReSwiftTestUITests;
			productName = ReSwiftTestUITests;
			productReference = 847D60DE1E25802A00361735 /* ReSwiftTestUITests.xctest */;
			productType = "com.apple.product-type.bundle.ui-testing";
		};
/* End PBXNativeTarget section */

/* Begin PBXProject section */
		847D60B41E25802900361735 /* Project object */ = {
			isa = PBXProject;
			attributes = {
				LastSwiftUpdateCheck = 0820;
				LastUpgradeCheck = 0820;
				ORGANIZATIONNAME = "Cirtual LLC";
				TargetAttributes = {
					847D60BB1E25802900361735 = {
						CreatedOnToolsVersion = 8.2.1;
						DevelopmentTeam = 7P35435AK2;
						ProvisioningStyle = Automatic;
					};
					847D60D21E25802900361735 = {
						CreatedOnToolsVersion = 8.2.1;
						DevelopmentTeam = 7P35435AK2;
						ProvisioningStyle = Automatic;
						TestTargetID = 847D60BB1E25802900361735;
					};
					847D60DD1E25802A00361735 = {
						CreatedOnToolsVersion = 8.2.1;
						DevelopmentTeam = 7P35435AK2;
						ProvisioningStyle = Automatic;
						TestTargetID = 847D60BB1E25802900361735;
					};
				};
			};
			buildConfigurationList = 847D60B71E25802900361735 /* Build configuration list for PBXProject "ReSwiftTest" */;
			compatibilityVersion = "Xcode 3.2";
			developmentRegion = English;
			hasScannedForEncodings = 0;
			knownRegions = (
				en,
				Base,
			);
			mainGroup = 847D60B31E25802900361735;
			productRefGroup = 847D60BD1E25802900361735 /* Products */;
			projectDirPath = "";
			projectRoot = "";
			targets = (
				847D60BB1E25802900361735 /* ReSwiftTest */,
				847D60D21E25802900361735 /* ReSwiftTestTests */,
				847D60DD1E25802A00361735 /* ReSwiftTestUITests */,
			);
		};
/* End PBXProject section */

/* Begin PBXResourcesBuildPhase section */
		847D60BA1E25802900361735 /* Resources */ = {
			isa = PBXResourcesBuildPhase;
			buildActionMask = 2147483647;
			files = (
				847D60CD1E25802900361735 /* LaunchScreen.storyboard in Resources */,
				847D60CA1E25802900361735 /* Assets.xcassets in Resources */,
				847D60C51E25802900361735 /* Main.storyboard in Resources */,
			);
			runOnlyForDeploymentPostprocessing = 0;
		};
		847D60D11E25802900361735 /* Resources */ = {
			isa = PBXResourcesBuildPhase;
			buildActionMask = 2147483647;
			files = (
			);
			runOnlyForDeploymentPostprocessing = 0;
		};
		847D60DC1E25802A00361735 /* Resources */ = {
			isa = PBXResourcesBuildPhase;
			buildActionMask = 2147483647;
			files = (
			);
			runOnlyForDeploymentPostprocessing = 0;
		};
/* End PBXResourcesBuildPhase section */

/* Begin PBXShellScriptBuildPhase section */
		3A457BBABC634EBA2D19539E /* [CP] Embed Pods Frameworks */ = {
			isa = PBXShellScriptBuildPhase;
			buildActionMask = 2147483647;
			files = (
			);
			inputPaths = (
			);
			name = "[CP] Embed Pods Frameworks";
			outputPaths = (
			);
			runOnlyForDeploymentPostprocessing = 0;
			shellPath = /bin/sh;
			shellScript = "\"${SRCROOT}/Pods/Target Support Files/Pods-ReSwiftTestTests/Pods-ReSwiftTestTests-frameworks.sh\"\n";
			showEnvVarsInLog = 0;
		};
		4EEC61173763AFD5ECAAAE19 /* [CP] Copy Pods Resources */ = {
			isa = PBXShellScriptBuildPhase;
			buildActionMask = 2147483647;
			files = (
			);
			inputPaths = (
			);
			name = "[CP] Copy Pods Resources";
			outputPaths = (
			);
			runOnlyForDeploymentPostprocessing = 0;
			shellPath = /bin/sh;
			shellScript = "\"${SRCROOT}/Pods/Target Support Files/Pods-ReSwiftTest/Pods-ReSwiftTest-resources.sh\"\n";
			showEnvVarsInLog = 0;
		};
		52B3840778AC2A5BDEF88A44 /* [CP] Embed Pods Frameworks */ = {
			isa = PBXShellScriptBuildPhase;
			buildActionMask = 2147483647;
			files = (
			);
			inputPaths = (
			);
			name = "[CP] Embed Pods Frameworks";
			outputPaths = (
			);
			runOnlyForDeploymentPostprocessing = 0;
			shellPath = /bin/sh;
			shellScript = "\"${SRCROOT}/Pods/Target Support Files/Pods-ReSwiftTest/Pods-ReSwiftTest-frameworks.sh\"\n";
			showEnvVarsInLog = 0;
		};
		5B7B8E398BE0A9FB0B6F049D /* [CP] Check Pods Manifest.lock */ = {
			isa = PBXShellScriptBuildPhase;
			buildActionMask = 2147483647;
			files = (
			);
			inputPaths = (
			);
			name = "[CP] Check Pods Manifest.lock";
			outputPaths = (
			);
			runOnlyForDeploymentPostprocessing = 0;
			shellPath = /bin/sh;
			shellScript = "diff \"${PODS_ROOT}/../Podfile.lock\" \"${PODS_ROOT}/Manifest.lock\" > /dev/null\nif [ $? != 0 ] ; then\n    # print error to STDERR\n    echo \"error: The sandbox is not in sync with the Podfile.lock. Run 'pod install' or update your CocoaPods installation.\" >&2\n    exit 1\nfi\n";
			showEnvVarsInLog = 0;
		};
		927B7B715BE5D54F22AB8E1B /* [CP] Check Pods Manifest.lock */ = {
			isa = PBXShellScriptBuildPhase;
			buildActionMask = 2147483647;
			files = (
			);
			inputPaths = (
			);
			name = "[CP] Check Pods Manifest.lock";
			outputPaths = (
			);
			runOnlyForDeploymentPostprocessing = 0;
			shellPath = /bin/sh;
			shellScript = "diff \"${PODS_ROOT}/../Podfile.lock\" \"${PODS_ROOT}/Manifest.lock\" > /dev/null\nif [ $? != 0 ] ; then\n    # print error to STDERR\n    echo \"error: The sandbox is not in sync with the Podfile.lock. Run 'pod install' or update your CocoaPods installation.\" >&2\n    exit 1\nfi\n";
			showEnvVarsInLog = 0;
		};
		A7E43F5E49642053A02905CE /* [CP] Check Pods Manifest.lock */ = {
			isa = PBXShellScriptBuildPhase;
			buildActionMask = 2147483647;
			files = (
			);
			inputPaths = (
			);
			name = "[CP] Check Pods Manifest.lock";
			outputPaths = (
			);
			runOnlyForDeploymentPostprocessing = 0;
			shellPath = /bin/sh;
			shellScript = "diff \"${PODS_ROOT}/../Podfile.lock\" \"${PODS_ROOT}/Manifest.lock\" > /dev/null\nif [ $? != 0 ] ; then\n    # print error to STDERR\n    echo \"error: The sandbox is not in sync with the Podfile.lock. Run 'pod install' or update your CocoaPods installation.\" >&2\n    exit 1\nfi\n";
			showEnvVarsInLog = 0;
		};
		AA19EE401B71BDB571003F57 /* [CP] Copy Pods Resources */ = {
			isa = PBXShellScriptBuildPhase;
			buildActionMask = 2147483647;
			files = (
			);
			inputPaths = (
			);
			name = "[CP] Copy Pods Resources";
			outputPaths = (
			);
			runOnlyForDeploymentPostprocessing = 0;
			shellPath = /bin/sh;
			shellScript = "\"${SRCROOT}/Pods/Target Support Files/Pods-ReSwiftTestTests/Pods-ReSwiftTestTests-resources.sh\"\n";
			showEnvVarsInLog = 0;
		};
		B2F5D770EA867525FDD950A1 /* [CP] Embed Pods Frameworks */ = {
			isa = PBXShellScriptBuildPhase;
			buildActionMask = 2147483647;
			files = (
			);
			inputPaths = (
			);
			name = "[CP] Embed Pods Frameworks";
			outputPaths = (
			);
			runOnlyForDeploymentPostprocessing = 0;
			shellPath = /bin/sh;
			shellScript = "\"${SRCROOT}/Pods/Target Support Files/Pods-ReSwiftTestUITests/Pods-ReSwiftTestUITests-frameworks.sh\"\n";
			showEnvVarsInLog = 0;
		};
		C5C26093723E4DA7ECC20CB8 /* [CP] Copy Pods Resources */ = {
			isa = PBXShellScriptBuildPhase;
			buildActionMask = 2147483647;
			files = (
			);
			inputPaths = (
			);
			name = "[CP] Copy Pods Resources";
			outputPaths = (
			);
			runOnlyForDeploymentPostprocessing = 0;
			shellPath = /bin/sh;
			shellScript = "\"${SRCROOT}/Pods/Target Support Files/Pods-ReSwiftTestUITests/Pods-ReSwiftTestUITests-resources.sh\"\n";
			showEnvVarsInLog = 0;
		};
/* End PBXShellScriptBuildPhase section */

/* Begin PBXSourcesBuildPhase section */
		847D60B81E25802900361735 /* Sources */ = {
			isa = PBXSourcesBuildPhase;
			buildActionMask = 2147483647;
			files = (
				847D60C21E25802900361735 /* ViewController.swift in Sources */,
				847D60F61E25867700361735 /* CounterReducer.swift in Sources */,
				847D60C01E25802900361735 /* AppDelegate.swift in Sources */,
				847D60C81E25802900361735 /* ReSwiftTest.xcdatamodeld in Sources */,
				845424E81E26D8EC006DF9DD /* SecondViewController.swift in Sources */,
				847D60FA1E2588FE00361735 /* CounterActions.swift in Sources */,
				847D60F81E2587B300361735 /* State.swift in Sources */,
			);
			runOnlyForDeploymentPostprocessing = 0;
		};
		847D60CF1E25802900361735 /* Sources */ = {
			isa = PBXSourcesBuildPhase;
			buildActionMask = 2147483647;
			files = (
				847D60D81E25802900361735 /* ReSwiftTestTests.swift in Sources */,
			);
			runOnlyForDeploymentPostprocessing = 0;
		};
		847D60DA1E25802A00361735 /* Sources */ = {
			isa = PBXSourcesBuildPhase;
			buildActionMask = 2147483647;
			files = (
				847D60E31E25802A00361735 /* ReSwiftTestUITests.swift in Sources */,
			);
			runOnlyForDeploymentPostprocessing = 0;
		};
/* End PBXSourcesBuildPhase section */

/* Begin PBXTargetDependency section */
		847D60D51E25802900361735 /* PBXTargetDependency */ = {
			isa = PBXTargetDependency;
			target = 847D60BB1E25802900361735 /* ReSwiftTest */;
			targetProxy = 847D60D41E25802900361735 /* PBXContainerItemProxy */;
		};
		847D60E01E25802A00361735 /* PBXTargetDependency */ = {
			isa = PBXTargetDependency;
			target = 847D60BB1E25802900361735 /* ReSwiftTest */;
			targetProxy = 847D60DF1E25802A00361735 /* PBXContainerItemProxy */;
		};
/* End PBXTargetDependency section */

/* Begin PBXVariantGroup section */
		847D60C31E25802900361735 /* Main.storyboard */ = {
			isa = PBXVariantGroup;
			children = (
				847D60C41E25802900361735 /* Base */,
			);
			name = Main.storyboard;
			sourceTree = "<group>";
		};
		847D60CB1E25802900361735 /* LaunchScreen.storyboard */ = {
			isa = PBXVariantGroup;
			children = (
				847D60CC1E25802900361735 /* Base */,
			);
			name = LaunchScreen.storyboard;
			sourceTree = "<group>";
		};
/* End PBXVariantGroup section */

/* Begin XCBuildConfiguration section */
		847D60E51E25802A00361735 /* Debug */ = {
			isa = XCBuildConfiguration;
			buildSettings = {
				ALWAYS_SEARCH_USER_PATHS = NO;
				CLANG_ANALYZER_NONNULL = YES;
				CLANG_CXX_LANGUAGE_STANDARD = "gnu++0x";
				CLANG_CXX_LIBRARY = "libc++";
				CLANG_ENABLE_MODULES = YES;
				CLANG_ENABLE_OBJC_ARC = YES;
				CLANG_WARN_BOOL_CONVERSION = YES;
				CLANG_WARN_CONSTANT_CONVERSION = YES;
				CLANG_WARN_DIRECT_OBJC_ISA_USAGE = YES_ERROR;
				CLANG_WARN_DOCUMENTATION_COMMENTS = YES;
				CLANG_WARN_EMPTY_BODY = YES;
				CLANG_WARN_ENUM_CONVERSION = YES;
				CLANG_WARN_INFINITE_RECURSION = YES;
				CLANG_WARN_INT_CONVERSION = YES;
				CLANG_WARN_OBJC_ROOT_CLASS = YES_ERROR;
				CLANG_WARN_SUSPICIOUS_MOVE = YES;
				CLANG_WARN_UNREACHABLE_CODE = YES;
				CLANG_WARN__DUPLICATE_METHOD_MATCH = YES;
				"CODE_SIGN_IDENTITY[sdk=iphoneos*]" = "iPhone Developer";
				COPY_PHASE_STRIP = NO;
				DEBUG_INFORMATION_FORMAT = dwarf;
				ENABLE_STRICT_OBJC_MSGSEND = YES;
				ENABLE_TESTABILITY = YES;
				GCC_C_LANGUAGE_STANDARD = gnu99;
				GCC_DYNAMIC_NO_PIC = NO;
				GCC_NO_COMMON_BLOCKS = YES;
				GCC_OPTIMIZATION_LEVEL = 0;
				GCC_PREPROCESSOR_DEFINITIONS = (
					"DEBUG=1",
					"$(inherited)",
				);
				GCC_WARN_64_TO_32_BIT_CONVERSION = YES;
				GCC_WARN_ABOUT_RETURN_TYPE = YES_ERROR;
				GCC_WARN_UNDECLARED_SELECTOR = YES;
				GCC_WARN_UNINITIALIZED_AUTOS = YES_AGGRESSIVE;
				GCC_WARN_UNUSED_FUNCTION = YES;
				GCC_WARN_UNUSED_VARIABLE = YES;
				IPHONEOS_DEPLOYMENT_TARGET = 10.2;
				MTL_ENABLE_DEBUG_INFO = YES;
				ONLY_ACTIVE_ARCH = YES;
				SDKROOT = iphoneos;
				SWIFT_ACTIVE_COMPILATION_CONDITIONS = DEBUG;
				SWIFT_OPTIMIZATION_LEVEL = "-Onone";
			};
			name = Debug;
		};
		847D60E61E25802A00361735 /* Release */ = {
			isa = XCBuildConfiguration;
			buildSettings = {
				ALWAYS_SEARCH_USER_PATHS = NO;
				CLANG_ANALYZER_NONNULL = YES;
				CLANG_CXX_LANGUAGE_STANDARD = "gnu++0x";
				CLANG_CXX_LIBRARY = "libc++";
				CLANG_ENABLE_MODULES = YES;
				CLANG_ENABLE_OBJC_ARC = YES;
				CLANG_WARN_BOOL_CONVERSION = YES;
				CLANG_WARN_CONSTANT_CONVERSION = YES;
				CLANG_WARN_DIRECT_OBJC_ISA_USAGE = YES_ERROR;
				CLANG_WARN_DOCUMENTATION_COMMENTS = YES;
				CLANG_WARN_EMPTY_BODY = YES;
				CLANG_WARN_ENUM_CONVERSION = YES;
				CLANG_WARN_INFINITE_RECURSION = YES;
				CLANG_WARN_INT_CONVERSION = YES;
				CLANG_WARN_OBJC_ROOT_CLASS = YES_ERROR;
				CLANG_WARN_SUSPICIOUS_MOVE = YES;
				CLANG_WARN_UNREACHABLE_CODE = YES;
				CLANG_WARN__DUPLICATE_METHOD_MATCH = YES;
				"CODE_SIGN_IDENTITY[sdk=iphoneos*]" = "iPhone Developer";
				COPY_PHASE_STRIP = NO;
				DEBUG_INFORMATION_FORMAT = "dwarf-with-dsym";
				ENABLE_NS_ASSERTIONS = NO;
				ENABLE_STRICT_OBJC_MSGSEND = YES;
				GCC_C_LANGUAGE_STANDARD = gnu99;
				GCC_NO_COMMON_BLOCKS = YES;
				GCC_WARN_64_TO_32_BIT_CONVERSION = YES;
				GCC_WARN_ABOUT_RETURN_TYPE = YES_ERROR;
				GCC_WARN_UNDECLARED_SELECTOR = YES;
				GCC_WARN_UNINITIALIZED_AUTOS = YES_AGGRESSIVE;
				GCC_WARN_UNUSED_FUNCTION = YES;
				GCC_WARN_UNUSED_VARIABLE = YES;
				IPHONEOS_DEPLOYMENT_TARGET = 10.2;
				MTL_ENABLE_DEBUG_INFO = NO;
				SDKROOT = iphoneos;
				SWIFT_OPTIMIZATION_LEVEL = "-Owholemodule";
				VALIDATE_PRODUCT = YES;
			};
			name = Release;
		};
		847D60E81E25802A00361735 /* Debug */ = {
			isa = XCBuildConfiguration;
			baseConfigurationReference = 868D578A0D9BF5348217E453 /* Pods-ReSwiftTest.debug.xcconfig */;
			buildSettings = {
				ASSETCATALOG_COMPILER_APPICON_NAME = AppIcon;
				DEVELOPMENT_TEAM = 7P35435AK2;
				INFOPLIST_FILE = ReSwiftTest/Info.plist;
				IPHONEOS_DEPLOYMENT_TARGET = 10.0;
				LD_RUNPATH_SEARCH_PATHS = "$(inherited) @executable_path/Frameworks";
				PRODUCT_BUNDLE_IDENTIFIER = com.squadapp.ReSwiftTest;
				PRODUCT_NAME = "$(TARGET_NAME)";
				SWIFT_VERSION = 3.0;
			};
			name = Debug;
		};
		847D60E91E25802A00361735 /* Release */ = {
			isa = XCBuildConfiguration;
			baseConfigurationReference = 2F6C479D0C0DAE01A09CC9C3 /* Pods-ReSwiftTest.release.xcconfig */;
			buildSettings = {
				ASSETCATALOG_COMPILER_APPICON_NAME = AppIcon;
				DEVELOPMENT_TEAM = 7P35435AK2;
				INFOPLIST_FILE = ReSwiftTest/Info.plist;
				IPHONEOS_DEPLOYMENT_TARGET = 10.0;
				LD_RUNPATH_SEARCH_PATHS = "$(inherited) @executable_path/Frameworks";
				PRODUCT_BUNDLE_IDENTIFIER = com.squadapp.ReSwiftTest;
				PRODUCT_NAME = "$(TARGET_NAME)";
				SWIFT_VERSION = 3.0;
			};
			name = Release;
		};
		847D60EB1E25802A00361735 /* Debug */ = {
			isa = XCBuildConfiguration;
			baseConfigurationReference = E85ACB869525F58D95FDC744 /* Pods-ReSwiftTestTests.debug.xcconfig */;
			buildSettings = {
				ALWAYS_EMBED_SWIFT_STANDARD_LIBRARIES = YES;
				BUNDLE_LOADER = "$(TEST_HOST)";
				DEVELOPMENT_TEAM = 7P35435AK2;
				INFOPLIST_FILE = ReSwiftTestTests/Info.plist;
				LD_RUNPATH_SEARCH_PATHS = "$(inherited) @executable_path/Frameworks @loader_path/Frameworks";
				PRODUCT_BUNDLE_IDENTIFIER = com.squadapp.ReSwiftTestTests;
				PRODUCT_NAME = "$(TARGET_NAME)";
				SWIFT_VERSION = 3.0;
				TEST_HOST = "$(BUILT_PRODUCTS_DIR)/ReSwiftTest.app/ReSwiftTest";
			};
			name = Debug;
		};
		847D60EC1E25802A00361735 /* Release */ = {
			isa = XCBuildConfiguration;
			baseConfigurationReference = DBDD979F176714D2C52BED86 /* Pods-ReSwiftTestTests.release.xcconfig */;
			buildSettings = {
				ALWAYS_EMBED_SWIFT_STANDARD_LIBRARIES = YES;
				BUNDLE_LOADER = "$(TEST_HOST)";
				DEVELOPMENT_TEAM = 7P35435AK2;
				INFOPLIST_FILE = ReSwiftTestTests/Info.plist;
				LD_RUNPATH_SEARCH_PATHS = "$(inherited) @executable_path/Frameworks @loader_path/Frameworks";
				PRODUCT_BUNDLE_IDENTIFIER = com.squadapp.ReSwiftTestTests;
				PRODUCT_NAME = "$(TARGET_NAME)";
				SWIFT_VERSION = 3.0;
				TEST_HOST = "$(BUILT_PRODUCTS_DIR)/ReSwiftTest.app/ReSwiftTest";
			};
			name = Release;
		};
		847D60EE1E25802A00361735 /* Debug */ = {
			isa = XCBuildConfiguration;
			baseConfigurationReference = DFC293A0BBDDA11B71EC988E /* Pods-ReSwiftTestUITests.debug.xcconfig */;
			buildSettings = {
				ALWAYS_EMBED_SWIFT_STANDARD_LIBRARIES = YES;
				DEVELOPMENT_TEAM = 7P35435AK2;
				INFOPLIST_FILE = ReSwiftTestUITests/Info.plist;
				LD_RUNPATH_SEARCH_PATHS = "$(inherited) @executable_path/Frameworks @loader_path/Frameworks";
				PRODUCT_BUNDLE_IDENTIFIER = com.squadapp.ReSwiftTestUITests;
				PRODUCT_NAME = "$(TARGET_NAME)";
				SWIFT_VERSION = 3.0;
				TEST_TARGET_NAME = ReSwiftTest;
			};
			name = Debug;
		};
		847D60EF1E25802A00361735 /* Release */ = {
			isa = XCBuildConfiguration;
			baseConfigurationReference = 901C5D03033E0771BD1AF89A /* Pods-ReSwiftTestUITests.release.xcconfig */;
			buildSettings = {
				ALWAYS_EMBED_SWIFT_STANDARD_LIBRARIES = YES;
				DEVELOPMENT_TEAM = 7P35435AK2;
				INFOPLIST_FILE = ReSwiftTestUITests/Info.plist;
				LD_RUNPATH_SEARCH_PATHS = "$(inherited) @executable_path/Frameworks @loader_path/Frameworks";
				PRODUCT_BUNDLE_IDENTIFIER = com.squadapp.ReSwiftTestUITests;
				PRODUCT_NAME = "$(TARGET_NAME)";
				SWIFT_VERSION = 3.0;
				TEST_TARGET_NAME = ReSwiftTest;
			};
			name = Release;
		};
/* End XCBuildConfiguration section */

/* Begin XCConfigurationList section */
		847D60B71E25802900361735 /* Build configuration list for PBXProject "ReSwiftTest" */ = {
			isa = XCConfigurationList;
			buildConfigurations = (
				847D60E51E25802A00361735 /* Debug */,
				847D60E61E25802A00361735 /* Release */,
			);
			defaultConfigurationIsVisible = 0;
			defaultConfigurationName = Release;
		};
		847D60E71E25802A00361735 /* Build configuration list for PBXNativeTarget "ReSwiftTest" */ = {
			isa = XCConfigurationList;
			buildConfigurations = (
				847D60E81E25802A00361735 /* Debug */,
				847D60E91E25802A00361735 /* Release */,
			);
			defaultConfigurationIsVisible = 0;
			defaultConfigurationName = Release;
		};
		847D60EA1E25802A00361735 /* Build configuration list for PBXNativeTarget "ReSwiftTestTests" */ = {
			isa = XCConfigurationList;
			buildConfigurations = (
				847D60EB1E25802A00361735 /* Debug */,
				847D60EC1E25802A00361735 /* Release */,
			);
			defaultConfigurationIsVisible = 0;
			defaultConfigurationName = Release;
		};
		847D60ED1E25802A00361735 /* Build configuration list for PBXNativeTarget "ReSwiftTestUITests" */ = {
			isa = XCConfigurationList;
			buildConfigurations = (
				847D60EE1E25802A00361735 /* Debug */,
				847D60EF1E25802A00361735 /* Release */,
			);
			defaultConfigurationIsVisible = 0;
			defaultConfigurationName = Release;
		};
/* End XCConfigurationList section */

/* Begin XCVersionGroup section */
		847D60C61E25802900361735 /* ReSwiftTest.xcdatamodeld */ = {
			isa = XCVersionGroup;
			children = (
				847D60C71E25802900361735 /* ReSwiftTest.xcdatamodel */,
			);
			currentVersion = 847D60C71E25802900361735 /* ReSwiftTest.xcdatamodel */;
			path = ReSwiftTest.xcdatamodeld;
			sourceTree = "<group>";
			versionGroupType = wrapper.xcdatamodel;
		};
/* End XCVersionGroup section */
	};
	rootObject = 847D60B41E25802900361735 /* Project object */;
}
